// !$*UTF8*$!
{
	archiveVersion = 1;
	classes = {
	};
	objectVersion = 46;
	objects = {

/* Begin PBXBuildFile section */
		E588DA831ECAEBBA00B3C659 /* AppDelegate.swift in Sources */ = {isa = PBXBuildFile; fileRef = E588DA741ECAEBBA00B3C659 /* AppDelegate.swift */; };
		E588DA841ECAEBBA00B3C659 /* Assets.xcassets in Resources */ = {isa = PBXBuildFile; fileRef = E588DA751ECAEBBA00B3C659 /* Assets.xcassets */; };
		E588DA851ECAEBBA00B3C659 /* LaunchScreen.storyboard in Resources */ = {isa = PBXBuildFile; fileRef = E588DA761ECAEBBA00B3C659 /* LaunchScreen.storyboard */; };
		E588DA861ECAEBBA00B3C659 /* Main.storyboard in Resources */ = {isa = PBXBuildFile; fileRef = E588DA781ECAEBBA00B3C659 /* Main.storyboard */; };
		E588DA871ECAEBBA00B3C659 /* Info.plist in Resources */ = {isa = PBXBuildFile; fileRef = E588DA7A1ECAEBBA00B3C659 /* Info.plist */; };
		E588DA881ECAEBBA00B3C659 /* Item.swift in Sources */ = {isa = PBXBuildFile; fileRef = E588DA7B1ECAEBBA00B3C659 /* Item.swift */; };
		E588DA891ECAEBBA00B3C659 /* ItemDetailTableViewController.swift in Sources */ = {isa = PBXBuildFile; fileRef = E588DA7C1ECAEBBA00B3C659 /* ItemDetailTableViewController.swift */; };
		E588DA8A1ECAEBBA00B3C659 /* ItemTableViewCell.swift in Sources */ = {isa = PBXBuildFile; fileRef = E588DA7D1ECAEBBA00B3C659 /* ItemTableViewCell.swift */; };
		E588DA8B1ECAEBBA00B3C659 /* ItemTableViewController.swift in Sources */ = {isa = PBXBuildFile; fileRef = E588DA7E1ECAEBBA00B3C659 /* ItemTableViewController.swift */; };
		E588DA8C1ECAEBBA00B3C659 /* List.swift in Sources */ = {isa = PBXBuildFile; fileRef = E588DA7F1ECAEBBA00B3C659 /* List.swift */; };
		E588DA8D1ECAEBBA00B3C659 /* ListDetailTableViewController.swift in Sources */ = {isa = PBXBuildFile; fileRef = E588DA801ECAEBBA00B3C659 /* ListDetailTableViewController.swift */; };
		E588DA8E1ECAEBBA00B3C659 /* ListTableViewCell.swift in Sources */ = {isa = PBXBuildFile; fileRef = E588DA811ECAEBBA00B3C659 /* ListTableViewCell.swift */; };
		E588DA8F1ECAEBBA00B3C659 /* ListTableViewController.swift in Sources */ = {isa = PBXBuildFile; fileRef = E588DA821ECAEBBA00B3C659 /* ListTableViewController.swift */; };
		E588DAA91ECB224E00B3C659 /* FeedbackViewController.swift in Sources */ = {isa = PBXBuildFile; fileRef = E588DAA81ECB224E00B3C659 /* FeedbackViewController.swift */; };
		E588DAAB1ECB260900B3C659 /* DateCalculatorViewController.swift in Sources */ = {isa = PBXBuildFile; fileRef = E588DAAA1ECB260900B3C659 /* DateCalculatorViewController.swift */; };
/* End PBXBuildFile section */

/* Begin PBXFileReference section */
		ABD0C6A91D6C116100790A4A /* TaskDaysMatter.app */ = {isa = PBXFileReference; explicitFileType = wrapper.application; includeInIndex = 0; path = TaskDaysMatter.app; sourceTree = BUILT_PRODUCTS_DIR; };
		E588DA741ECAEBBA00B3C659 /* AppDelegate.swift */ = {isa = PBXFileReference; fileEncoding = 4; lastKnownFileType = sourcecode.swift; path = AppDelegate.swift; sourceTree = "<group>"; };
		E588DA751ECAEBBA00B3C659 /* Assets.xcassets */ = {isa = PBXFileReference; lastKnownFileType = folder.assetcatalog; path = Assets.xcassets; sourceTree = "<group>"; };
		E588DA771ECAEBBA00B3C659 /* Base */ = {isa = PBXFileReference; lastKnownFileType = file.storyboard; name = Base; path = Base.lproj/LaunchScreen.storyboard; sourceTree = "<group>"; };
		E588DA791ECAEBBA00B3C659 /* Base */ = {isa = PBXFileReference; lastKnownFileType = file.storyboard; name = Base; path = Base.lproj/Main.storyboard; sourceTree = "<group>"; };
		E588DA7A1ECAEBBA00B3C659 /* Info.plist */ = {isa = PBXFileReference; fileEncoding = 4; lastKnownFileType = text.plist.xml; path = Info.plist; sourceTree = "<group>"; };
		E588DA7B1ECAEBBA00B3C659 /* Item.swift */ = {isa = PBXFileReference; fileEncoding = 4; lastKnownFileType = sourcecode.swift; path = Item.swift; sourceTree = "<group>"; };
		E588DA7C1ECAEBBA00B3C659 /* ItemDetailTableViewController.swift */ = {isa = PBXFileReference; fileEncoding = 4; lastKnownFileType = sourcecode.swift; path = ItemDetailTableViewController.swift; sourceTree = "<group>"; };
		E588DA7D1ECAEBBA00B3C659 /* ItemTableViewCell.swift */ = {isa = PBXFileReference; fileEncoding = 4; lastKnownFileType = sourcecode.swift; path = ItemTableViewCell.swift; sourceTree = "<group>"; };
		E588DA7E1ECAEBBA00B3C659 /* ItemTableViewController.swift */ = {isa = PBXFileReference; fileEncoding = 4; lastKnownFileType = sourcecode.swift; path = ItemTableViewController.swift; sourceTree = "<group>"; };
		E588DA7F1ECAEBBA00B3C659 /* List.swift */ = {isa = PBXFileReference; fileEncoding = 4; lastKnownFileType = sourcecode.swift; path = List.swift; sourceTree = "<group>"; };
		E588DA801ECAEBBA00B3C659 /* ListDetailTableViewController.swift */ = {isa = PBXFileReference; fileEncoding = 4; lastKnownFileType = sourcecode.swift; path = ListDetailTableViewController.swift; sourceTree = "<group>"; };
		E588DA811ECAEBBA00B3C659 /* ListTableViewCell.swift */ = {isa = PBXFileReference; fileEncoding = 4; lastKnownFileType = sourcecode.swift; path = ListTableViewCell.swift; sourceTree = "<group>"; };
		E588DA821ECAEBBA00B3C659 /* ListTableViewController.swift */ = {isa = PBXFileReference; fileEncoding = 4; lastKnownFileType = sourcecode.swift; path = ListTableViewController.swift; sourceTree = "<group>"; };
		E588DAA81ECB224E00B3C659 /* FeedbackViewController.swift */ = {isa = PBXFileReference; fileEncoding = 4; lastKnownFileType = sourcecode.swift; path = FeedbackViewController.swift; sourceTree = "<group>"; };
		E588DAAA1ECB260900B3C659 /* DateCalculatorViewController.swift */ = {isa = PBXFileReference; fileEncoding = 4; lastKnownFileType = sourcecode.swift; path = DateCalculatorViewController.swift; sourceTree = "<group>"; };
/* End PBXFileReference section */

/* Begin PBXFrameworksBuildPhase section */
		ABD0C6A61D6C116100790A4A /* Frameworks */ = {
			isa = PBXFrameworksBuildPhase;
			buildActionMask = 2147483647;
			files = (
			);
			runOnlyForDeploymentPostprocessing = 0;
		};
/* End PBXFrameworksBuildPhase section */

/* Begin PBXGroup section */
		ABD0C6A01D6C116000790A4A = {
			isa = PBXGroup;
			children = (
				E588DA731ECAEBBA00B3C659 /* TaskDaysMatter */,
				ABD0C6AA1D6C116100790A4A /* Products */,
			);
			sourceTree = "<group>";
		};
		ABD0C6AA1D6C116100790A4A /* Products */ = {
			isa = PBXGroup;
			children = (
				ABD0C6A91D6C116100790A4A /* TaskDaysMatter.app */,
			);
			name = Products;
			sourceTree = "<group>";
		};
		E588DA731ECAEBBA00B3C659 /* TaskDaysMatter */ = {
			isa = PBXGroup;
			children = (
				E588DA741ECAEBBA00B3C659 /* AppDelegate.swift */,
				E588DA751ECAEBBA00B3C659 /* Assets.xcassets */,
				E588DA761ECAEBBA00B3C659 /* LaunchScreen.storyboard */,
				E588DA781ECAEBBA00B3C659 /* Main.storyboard */,
				E588DA7A1ECAEBBA00B3C659 /* Info.plist */,
				E588DAA61ECAF66200B3C659 /* model */,
				E588DAA71ECAF69D00B3C659 /* controller */,
				E588DAAC1ECB4D7D00B3C659 /* view */,
			);
			path = TaskDaysMatter;
			sourceTree = "<group>";
		};
		E588DAA61ECAF66200B3C659 /* model */ = {
			isa = PBXGroup;
			children = (
				E588DA7F1ECAEBBA00B3C659 /* List.swift */,
				E588DA7B1ECAEBBA00B3C659 /* Item.swift */,
			);
			name = model;
			sourceTree = "<group>";
		};
		E588DAA71ECAF69D00B3C659 /* controller */ = {
			isa = PBXGroup;
			children = (
				E588DA7C1ECAEBBA00B3C659 /* ItemDetailTableViewController.swift */,
				E588DA7E1ECAEBBA00B3C659 /* ItemTableViewController.swift */,
				E588DA821ECAEBBA00B3C659 /* ListTableViewController.swift */,
				E588DA801ECAEBBA00B3C659 /* ListDetailTableViewController.swift */,
				E588DAA81ECB224E00B3C659 /* FeedbackViewController.swift */,
				E588DAAA1ECB260900B3C659 /* DateCalculatorViewController.swift */,
			);
			name = controller;
			sourceTree = "<group>";
		};
		E588DAAC1ECB4D7D00B3C659 /* view */ = {
			isa = PBXGroup;
			children = (
				E588DA811ECAEBBA00B3C659 /* ListTableViewCell.swift */,
				E588DA7D1ECAEBBA00B3C659 /* ItemTableViewCell.swift */,
			);
			name = view;
			sourceTree = "<group>";
		};
/* End PBXGroup section */

/* Begin PBXNativeTarget section */
		ABD0C6A81D6C116100790A4A /* TaskDaysMatter */ = {
			isa = PBXNativeTarget;
			buildConfigurationList = ABD0C6C61D6C116100790A4A /* Build configuration list for PBXNativeTarget "TaskDaysMatter" */;
			buildPhases = (
				ABD0C6A51D6C116100790A4A /* Sources */,
				ABD0C6A61D6C116100790A4A /* Frameworks */,
				ABD0C6A71D6C116100790A4A /* Resources */,
			);
			buildRules = (
			);
			dependencies = (
			);
			name = TaskDaysMatter;
			productName = ToDoList;
			productReference = ABD0C6A91D6C116100790A4A /* TaskDaysMatter.app */;
			productType = "com.apple.product-type.application";
		};
/* End PBXNativeTarget section */

/* Begin PBXProject section */
		ABD0C6A11D6C116000790A4A /* Project object */ = {
			isa = PBXProject;
			attributes = {
				LastSwiftUpdateCheck = 0800;
				LastUpgradeCheck = 0800;
				ORGANIZATIONNAME = "Loris Mazloum";
				TargetAttributes = {
					ABD0C6A81D6C116100790A4A = {
						CreatedOnToolsVersion = 8.0;
						DevelopmentTeam = H69J6FK3WQ;
						ProvisioningStyle = Automatic;
					};
				};
			};
			buildConfigurationList = ABD0C6A41D6C116000790A4A /* Build configuration list for PBXProject "TaskDaysMatter" */;
			compatibilityVersion = "Xcode 3.2";
			developmentRegion = English;
			hasScannedForEncodings = 0;
			knownRegions = (
				en,
				Base,
			);
			mainGroup = ABD0C6A01D6C116000790A4A;
			productRefGroup = ABD0C6AA1D6C116100790A4A /* Products */;
			projectDirPath = "";
			projectRoot = "";
			targets = (
				ABD0C6A81D6C116100790A4A /* TaskDaysMatter */,
			);
		};
/* End PBXProject section */

/* Begin PBXResourcesBuildPhase section */
		ABD0C6A71D6C116100790A4A /* Resources */ = {
			isa = PBXResourcesBuildPhase;
			buildActionMask = 2147483647;
			files = (
				E588DA871ECAEBBA00B3C659 /* Info.plist in Resources */,
				E588DA861ECAEBBA00B3C659 /* Main.storyboard in Resources */,
				E588DA841ECAEBBA00B3C659 /* Assets.xcassets in Resources */,
				E588DA851ECAEBBA00B3C659 /* LaunchScreen.storyboard in Resources */,
			);
			runOnlyForDeploymentPostprocessing = 0;
		};
/* End PBXResourcesBuildPhase section */

/* Begin PBXSourcesBuildPhase section */
		ABD0C6A51D6C116100790A4A /* Sources */ = {
			isa = PBXSourcesBuildPhase;
			buildActionMask = 2147483647;
			files = (
				E588DA8B1ECAEBBA00B3C659 /* ItemTableViewController.swift in Sources */,
				E588DA8E1ECAEBBA00B3C659 /* ListTableViewCell.swift in Sources */,
				E588DA8A1ECAEBBA00B3C659 /* ItemTableViewCell.swift in Sources */,
				E588DAA91ECB224E00B3C659 /* FeedbackViewController.swift in Sources */,
				E588DA881ECAEBBA00B3C659 /* Item.swift in Sources */,
				E588DA831ECAEBBA00B3C659 /* AppDelegate.swift in Sources */,
				E588DA891ECAEBBA00B3C659 /* ItemDetailTableViewController.swift in Sources */,
				E588DAAB1ECB260900B3C659 /* DateCalculatorViewController.swift in Sources */,
				E588DA8F1ECAEBBA00B3C659 /* ListTableViewController.swift in Sources */,
				E588DA8C1ECAEBBA00B3C659 /* List.swift in Sources */,
				E588DA8D1ECAEBBA00B3C659 /* ListDetailTableViewController.swift in Sources */,
			);
			runOnlyForDeploymentPostprocessing = 0;
		};
/* End PBXSourcesBuildPhase section */

/* Begin PBXVariantGroup section */
		E588DA761ECAEBBA00B3C659 /* LaunchScreen.storyboard */ = {
			isa = PBXVariantGroup;
			children = (
				E588DA771ECAEBBA00B3C659 /* Base */,
			);
			name = LaunchScreen.storyboard;
			sourceTree = "<group>";
		};
		E588DA781ECAEBBA00B3C659 /* Main.storyboard */ = {
			isa = PBXVariantGroup;
			children = (
				E588DA791ECAEBBA00B3C659 /* Base */,
			);
			name = Main.storyboard;
			sourceTree = "<group>";
		};
/* End PBXVariantGroup section */

/* Begin XCBuildConfiguration section */
		ABD0C6C41D6C116100790A4A /* Debug */ = {
			isa = XCBuildConfiguration;
			buildSettings = {
				ALWAYS_SEARCH_USER_PATHS = NO;
				CLANG_ANALYZER_NONNULL = YES;
				CLANG_CXX_LANGUAGE_STANDARD = "gnu++0x";
				CLANG_CXX_LIBRARY = "libc++";
				CLANG_ENABLE_MODULES = YES;
				CLANG_ENABLE_OBJC_ARC = YES;
				CLANG_WARN_BOOL_CONVERSION = YES;
				CLANG_WARN_CONSTANT_CONVERSION = YES;
				CLANG_WARN_DIRECT_OBJC_ISA_USAGE = YES_ERROR;
				CLANG_WARN_DOCUMENTATION_COMMENTS = YES;
				CLANG_WARN_EMPTY_BODY = YES;
				CLANG_WARN_ENUM_CONVERSION = YES;
				CLANG_WARN_INFINITE_RECURSION = YES;
				CLANG_WARN_INT_CONVERSION = YES;
				CLANG_WARN_OBJC_ROOT_CLASS = YES_ERROR;
				CLANG_WARN_SUSPICIOUS_MOVES = YES;
				CLANG_WARN_UNREACHABLE_CODE = YES;
				CLANG_WARN__DUPLICATE_METHOD_MATCH = YES;
				"CODE_SIGN_IDENTITY[sdk=iphoneos*]" = "iPhone Developer";
				COPY_PHASE_STRIP = NO;
				DEBUG_INFORMATION_FORMAT = dwarf;
				ENABLE_STRICT_OBJC_MSGSEND = YES;
				ENABLE_TESTABILITY = YES;
				GCC_C_LANGUAGE_STANDARD = gnu99;
				GCC_DYNAMIC_NO_PIC = NO;
				GCC_NO_COMMON_BLOCKS = YES;
				GCC_OPTIMIZATION_LEVEL = 0;
				GCC_PREPROCESSOR_DEFINITIONS = (
					"DEBUG=1",
					"$(inherited)",
				);
				GCC_WARN_64_TO_32_BIT_CONVERSION = YES;
				GCC_WARN_ABOUT_RETURN_TYPE = YES_ERROR;
				GCC_WARN_UNDECLARED_SELECTOR = YES;
				GCC_WARN_UNINITIALIZED_AUTOS = YES_AGGRESSIVE;
				GCC_WARN_UNUSED_FUNCTION = YES;
				GCC_WARN_UNUSED_VARIABLE = YES;
				IPHONEOS_DEPLOYMENT_TARGET = 10.0;
				MTL_ENABLE_DEBUG_INFO = YES;
				ONLY_ACTIVE_ARCH = YES;
				SDKROOT = iphoneos;
				SWIFT_ACTIVE_COMPILATION_CONDITIONS = DEBUG;
				SWIFT_OPTIMIZATION_LEVEL = "-Onone";
				TARGETED_DEVICE_FAMILY = "1,2";
			};
			name = Debug;
		};
		ABD0C6C51D6C116100790A4A /* Release */ = {
			isa = XCBuildConfiguration;
			buildSettings = {
				ALWAYS_SEARCH_USER_PATHS = NO;
				CLANG_ANALYZER_NONNULL = YES;
				CLANG_CXX_LANGUAGE_STANDARD = "gnu++0x";
				CLANG_CXX_LIBRARY = "libc++";
				CLANG_ENABLE_MODULES = YES;
				CLANG_ENABLE_OBJC_ARC = YES;
				CLANG_WARN_BOOL_CONVERSION = YES;
				CLANG_WARN_CONSTANT_CONVERSION = YES;
				CLANG_WARN_DIRECT_OBJC_ISA_USAGE = YES_ERROR;
				CLANG_WARN_DOCUMENTATION_COMMENTS = YES;
				CLANG_WARN_EMPTY_BODY = YES;
				CLANG_WARN_ENUM_CONVERSION = YES;
				CLANG_WARN_INFINITE_RECURSION = YES;
				CLANG_WARN_INT_CONVERSION = YES;
				CLANG_WARN_OBJC_ROOT_CLASS = YES_ERROR;
				CLANG_WARN_SUSPICIOUS_MOVES = YES;
				CLANG_WARN_UNREACHABLE_CODE = YES;
				CLANG_WARN__DUPLICATE_METHOD_MATCH = YES;
				"CODE_SIGN_IDENTITY[sdk=iphoneos*]" = "iPhone Developer";
				COPY_PHASE_STRIP = NO;
				DEBUG_INFORMATION_FORMAT = "dwarf-with-dsym";
				ENABLE_NS_ASSERTIONS = NO;
				ENABLE_STRICT_OBJC_MSGSEND = YES;
				GCC_C_LANGUAGE_STANDARD = gnu99;
				GCC_NO_COMMON_BLOCKS = YES;
				GCC_WARN_64_TO_32_BIT_CONVERSION = YES;
				GCC_WARN_ABOUT_RETURN_TYPE = YES_ERROR;
				GCC_WARN_UNDECLARED_SELECTOR = YES;
				GCC_WARN_UNINITIALIZED_AUTOS = YES_AGGRESSIVE;
				GCC_WARN_UNUSED_FUNCTION = YES;
				GCC_WARN_UNUSED_VARIABLE = YES;
				IPHONEOS_DEPLOYMENT_TARGET = 10.0;
				MTL_ENABLE_DEBUG_INFO = NO;
				SDKROOT = iphoneos;
				SWIFT_OPTIMIZATION_LEVEL = "-Owholemodule";
				TARGETED_DEVICE_FAMILY = "1,2";
				VALIDATE_PRODUCT = YES;
			};
			name = Release;
		};
		ABD0C6C71D6C116100790A4A /* Debug */ = {
			isa = XCBuildConfiguration;
			buildSettings = {
				ASSETCATALOG_COMPILER_APPICON_NAME = AppIcon;
				DEVELOPMENT_TEAM = H69J6FK3WQ;
				INFOPLIST_FILE = TaskDaysMatter/Info.plist;
				IPHONEOS_DEPLOYMENT_TARGET = 9.0;
				LD_RUNPATH_SEARCH_PATHS = "$(inherited) @executable_path/Frameworks";
				PRODUCT_BUNDLE_IDENTIFIER = com.mazlabs.TaskDaysMatter;
				PRODUCT_NAME = "$(TARGET_NAME)";
				SWIFT_VERSION = 3.0;
			};
			name = Debug;
		};
		ABD0C6C81D6C116100790A4A /* Release */ = {
			isa = XCBuildConfiguration;
			buildSettings = {
				ASSETCATALOG_COMPILER_APPICON_NAME = AppIcon;
				DEVELOPMENT_TEAM = H69J6FK3WQ;
				INFOPLIST_FILE = TaskDaysMatter/Info.plist;
				IPHONEOS_DEPLOYMENT_TARGET = 9.0;
				LD_RUNPATH_SEARCH_PATHS = "$(inherited) @executable_path/Frameworks";
				PRODUCT_BUNDLE_IDENTIFIER = com.mazlabs.TaskDaysMatter;
				PRODUCT_NAME = "$(TARGET_NAME)";
				SWIFT_VERSION = 3.0;
			};
			name = Release;
		};
/* End XCBuildConfiguration section */

/* Begin XCConfigurationList section */
		ABD0C6A41D6C116000790A4A /* Build configuration list for PBXProject "TaskDaysMatter" */ = {
			isa = XCConfigurationList;
			buildConfigurations = (
				ABD0C6C41D6C116100790A4A /* Debug */,
				ABD0C6C51D6C116100790A4A /* Release */,
			);
			defaultConfigurationIsVisible = 0;
			defaultConfigurationName = Release;
		};
		ABD0C6C61D6C116100790A4A /* Build configuration list for PBXNativeTarget "TaskDaysMatter" */ = {
			isa = XCConfigurationList;
			buildConfigurations = (
				ABD0C6C71D6C116100790A4A /* Debug */,
				ABD0C6C81D6C116100790A4A /* Release */,
			);
			defaultConfigurationIsVisible = 0;
			defaultConfigurationName = Release;
		};
/* End XCConfigurationList section */
	};
	rootObject = ABD0C6A11D6C116000790A4A /* Project object */;
}
